// !$*UTF8*$!
{
	archiveVersion = 1;
	classes = {
	};
	objectVersion = 55;
	objects = {

/* Begin PBXBuildFile section */
		EEA71411284800C00007B756 /* MyGoalsSpinaBifidaApp.swift in Sources */ = {isa = PBXBuildFile; fileRef = EEA71410284800C00007B756 /* MyGoalsSpinaBifidaApp.swift */; };
		EEA71413284800C00007B756 /* ContentView.swift in Sources */ = {isa = PBXBuildFile; fileRef = EEA71412284800C00007B756 /* ContentView.swift */; };
		EEA71415284800C10007B756 /* Assets.xcassets in Resources */ = {isa = PBXBuildFile; fileRef = EEA71414284800C10007B756 /* Assets.xcassets */; };
		EEA71418284800C10007B756 /* Preview Assets.xcassets in Resources */ = {isa = PBXBuildFile; fileRef = EEA71417284800C10007B756 /* Preview Assets.xcassets */; };
		EEA71422284800C10007B756 /* MyGoalsSpinaBifidaTests.swift in Sources */ = {isa = PBXBuildFile; fileRef = EEA71421284800C10007B756 /* MyGoalsSpinaBifidaTests.swift */; };
		EEA7142C284800C10007B756 /* MyGoalsSpinaBifidaUITests.swift in Sources */ = {isa = PBXBuildFile; fileRef = EEA7142B284800C10007B756 /* MyGoalsSpinaBifidaUITests.swift */; };
		EEA7142E284800C10007B756 /* MyGoalsSpinaBifidaUITestsLaunchTests.swift in Sources */ = {isa = PBXBuildFile; fileRef = EEA7142D284800C10007B756 /* MyGoalsSpinaBifidaUITestsLaunchTests.swift */; };
/* End PBXBuildFile section */

/* Begin PBXContainerItemProxy section */
		EEA7141E284800C10007B756 /* PBXContainerItemProxy */ = {
			isa = PBXContainerItemProxy;
			containerPortal = EEA71405284800C00007B756 /* Project object */;
			proxyType = 1;
			remoteGlobalIDString = EEA7140C284800C00007B756;
			remoteInfo = MyGoalsSpinaBifida;
		};
		EEA71428284800C10007B756 /* PBXContainerItemProxy */ = {
			isa = PBXContainerItemProxy;
			containerPortal = EEA71405284800C00007B756 /* Project object */;
			proxyType = 1;
			remoteGlobalIDString = EEA7140C284800C00007B756;
			remoteInfo = MyGoalsSpinaBifida;
		};
/* End PBXContainerItemProxy section */

/* Begin PBXFileReference section */
		EEA7140D284800C00007B756 /* MyGoalsSpinaBifida.app */ = {isa = PBXFileReference; explicitFileType = wrapper.application; includeInIndex = 0; path = MyGoalsSpinaBifida.app; sourceTree = BUILT_PRODUCTS_DIR; };
		EEA71410284800C00007B756 /* MyGoalsSpinaBifidaApp.swift */ = {isa = PBXFileReference; lastKnownFileType = sourcecode.swift; path = MyGoalsSpinaBifidaApp.swift; sourceTree = "<group>"; };
		EEA71412284800C00007B756 /* ContentView.swift */ = {isa = PBXFileReference; lastKnownFileType = sourcecode.swift; path = ContentView.swift; sourceTree = "<group>"; };
		EEA71414284800C10007B756 /* Assets.xcassets */ = {isa = PBXFileReference; lastKnownFileType = folder.assetcatalog; path = Assets.xcassets; sourceTree = "<group>"; };
		EEA71417284800C10007B756 /* Preview Assets.xcassets */ = {isa = PBXFileReference; lastKnownFileType = folder.assetcatalog; path = "Preview Assets.xcassets"; sourceTree = "<group>"; };
		EEA7141D284800C10007B756 /* MyGoalsSpinaBifidaTests.xctest */ = {isa = PBXFileReference; explicitFileType = wrapper.cfbundle; includeInIndex = 0; path = MyGoalsSpinaBifidaTests.xctest; sourceTree = BUILT_PRODUCTS_DIR; };
		EEA71421284800C10007B756 /* MyGoalsSpinaBifidaTests.swift */ = {isa = PBXFileReference; lastKnownFileType = sourcecode.swift; path = MyGoalsSpinaBifidaTests.swift; sourceTree = "<group>"; };
		EEA71427284800C10007B756 /* MyGoalsSpinaBifidaUITests.xctest */ = {isa = PBXFileReference; explicitFileType = wrapper.cfbundle; includeInIndex = 0; path = MyGoalsSpinaBifidaUITests.xctest; sourceTree = BUILT_PRODUCTS_DIR; };
		EEA7142B284800C10007B756 /* MyGoalsSpinaBifidaUITests.swift */ = {isa = PBXFileReference; lastKnownFileType = sourcecode.swift; path = MyGoalsSpinaBifidaUITests.swift; sourceTree = "<group>"; };
		EEA7142D284800C10007B756 /* MyGoalsSpinaBifidaUITestsLaunchTests.swift */ = {isa = PBXFileReference; lastKnownFileType = sourcecode.swift; path = MyGoalsSpinaBifidaUITestsLaunchTests.swift; sourceTree = "<group>"; };
/* End PBXFileReference section */

/* Begin PBXFrameworksBuildPhase section */
		EEA7140A284800C00007B756 /* Frameworks */ = {
			isa = PBXFrameworksBuildPhase;
			buildActionMask = 2147483647;
			files = (
			);
			runOnlyForDeploymentPostprocessing = 0;
		};
		EEA7141A284800C10007B756 /* Frameworks */ = {
			isa = PBXFrameworksBuildPhase;
			buildActionMask = 2147483647;
			files = (
			);
			runOnlyForDeploymentPostprocessing = 0;
		};
		EEA71424284800C10007B756 /* Frameworks */ = {
			isa = PBXFrameworksBuildPhase;
			buildActionMask = 2147483647;
			files = (
			);
			runOnlyForDeploymentPostprocessing = 0;
		};
/* End PBXFrameworksBuildPhase section */

/* Begin PBXGroup section */
		EEA71404284800C00007B756 = {
			isa = PBXGroup;
			children = (
				EEA7140F284800C00007B756 /* MyGoalsSpinaBifida */,
				EEA71420284800C10007B756 /* MyGoalsSpinaBifidaTests */,
				EEA7142A284800C10007B756 /* MyGoalsSpinaBifidaUITests */,
				EEA7140E284800C00007B756 /* Products */,
			);
			sourceTree = "<group>";
		};
		EEA7140E284800C00007B756 /* Products */ = {
			isa = PBXGroup;
			children = (
				EEA7140D284800C00007B756 /* MyGoalsSpinaBifida.app */,
				EEA7141D284800C10007B756 /* MyGoalsSpinaBifidaTests.xctest */,
				EEA71427284800C10007B756 /* MyGoalsSpinaBifidaUITests.xctest */,
			);
			name = Products;
			sourceTree = "<group>";
		};
		EEA7140F284800C00007B756 /* MyGoalsSpinaBifida */ = {
			isa = PBXGroup;
			children = (
				EEA71410284800C00007B756 /* MyGoalsSpinaBifidaApp.swift */,
				EEA71412284800C00007B756 /* ContentView.swift */,
				EEA71414284800C10007B756 /* Assets.xcassets */,
				EEA71416284800C10007B756 /* Preview Content */,
			);
			path = MyGoalsSpinaBifida;
			sourceTree = "<group>";
		};
		EEA71416284800C10007B756 /* Preview Content */ = {
			isa = PBXGroup;
			children = (
				EEA71417284800C10007B756 /* Preview Assets.xcassets */,
			);
			path = "Preview Content";
			sourceTree = "<group>";
		};
		EEA71420284800C10007B756 /* MyGoalsSpinaBifidaTests */ = {
			isa = PBXGroup;
			children = (
				EEA71421284800C10007B756 /* MyGoalsSpinaBifidaTests.swift */,
			);
			path = MyGoalsSpinaBifidaTests;
			sourceTree = "<group>";
		};
		EEA7142A284800C10007B756 /* MyGoalsSpinaBifidaUITests */ = {
			isa = PBXGroup;
			children = (
				EEA7142B284800C10007B756 /* MyGoalsSpinaBifidaUITests.swift */,
				EEA7142D284800C10007B756 /* MyGoalsSpinaBifidaUITestsLaunchTests.swift */,
			);
			path = MyGoalsSpinaBifidaUITests;
			sourceTree = "<group>";
		};
/* End PBXGroup section */

/* Begin PBXNativeTarget section */
		EEA7140C284800C00007B756 /* MyGoalsSpinaBifida */ = {
			isa = PBXNativeTarget;
			buildConfigurationList = EEA71431284800C10007B756 /* Build configuration list for PBXNativeTarget "MyGoalsSpinaBifida" */;
			buildPhases = (
				EEA71409284800C00007B756 /* Sources */,
				EEA7140A284800C00007B756 /* Frameworks */,
				EEA7140B284800C00007B756 /* Resources */,
			);
			buildRules = (
			);
			dependencies = (
			);
			name = MyGoalsSpinaBifida;
			productName = MyGoalsSpinaBifida;
			productReference = EEA7140D284800C00007B756 /* MyGoalsSpinaBifida.app */;
			productType = "com.apple.product-type.application";
		};
		EEA7141C284800C10007B756 /* MyGoalsSpinaBifidaTests */ = {
			isa = PBXNativeTarget;
			buildConfigurationList = EEA71434284800C10007B756 /* Build configuration list for PBXNativeTarget "MyGoalsSpinaBifidaTests" */;
			buildPhases = (
				EEA71419284800C10007B756 /* Sources */,
				EEA7141A284800C10007B756 /* Frameworks */,
				EEA7141B284800C10007B756 /* Resources */,
			);
			buildRules = (
			);
			dependencies = (
				EEA7141F284800C10007B756 /* PBXTargetDependency */,
			);
			name = MyGoalsSpinaBifidaTests;
			productName = MyGoalsSpinaBifidaTests;
			productReference = EEA7141D284800C10007B756 /* MyGoalsSpinaBifidaTests.xctest */;
			productType = "com.apple.product-type.bundle.unit-test";
		};
		EEA71426284800C10007B756 /* MyGoalsSpinaBifidaUITests */ = {
			isa = PBXNativeTarget;
			buildConfigurationList = EEA71437284800C10007B756 /* Build configuration list for PBXNativeTarget "MyGoalsSpinaBifidaUITests" */;
			buildPhases = (
				EEA71423284800C10007B756 /* Sources */,
				EEA71424284800C10007B756 /* Frameworks */,
				EEA71425284800C10007B756 /* Resources */,
			);
			buildRules = (
			);
			dependencies = (
				EEA71429284800C10007B756 /* PBXTargetDependency */,
			);
			name = MyGoalsSpinaBifidaUITests;
			productName = MyGoalsSpinaBifidaUITests;
			productReference = EEA71427284800C10007B756 /* MyGoalsSpinaBifidaUITests.xctest */;
			productType = "com.apple.product-type.bundle.ui-testing";
		};
/* End PBXNativeTarget section */

/* Begin PBXProject section */
		EEA71405284800C00007B756 /* Project object */ = {
			isa = PBXProject;
			attributes = {
				BuildIndependentTargetsInParallel = 1;
				LastSwiftUpdateCheck = 1340;
				LastUpgradeCheck = 1340;
				TargetAttributes = {
					EEA7140C284800C00007B756 = {
						CreatedOnToolsVersion = 13.4;
					};
					EEA7141C284800C10007B756 = {
						CreatedOnToolsVersion = 13.4;
						TestTargetID = EEA7140C284800C00007B756;
					};
					EEA71426284800C10007B756 = {
						CreatedOnToolsVersion = 13.4;
						TestTargetID = EEA7140C284800C00007B756;
					};
				};
			};
			buildConfigurationList = EEA71408284800C00007B756 /* Build configuration list for PBXProject "MyGoalsSpinaBifida" */;
			compatibilityVersion = "Xcode 13.0";
			developmentRegion = en;
			hasScannedForEncodings = 0;
			knownRegions = (
				en,
				Base,
			);
			mainGroup = EEA71404284800C00007B756;
			productRefGroup = EEA7140E284800C00007B756 /* Products */;
			projectDirPath = "";
			projectRoot = "";
			targets = (
				EEA7140C284800C00007B756 /* MyGoalsSpinaBifida */,
				EEA7141C284800C10007B756 /* MyGoalsSpinaBifidaTests */,
				EEA71426284800C10007B756 /* MyGoalsSpinaBifidaUITests */,
			);
		};
/* End PBXProject section */

/* Begin PBXResourcesBuildPhase section */
		EEA7140B284800C00007B756 /* Resources */ = {
			isa = PBXResourcesBuildPhase;
			buildActionMask = 2147483647;
			files = (
				EEA71418284800C10007B756 /* Preview Assets.xcassets in Resources */,
				EEA71415284800C10007B756 /* Assets.xcassets in Resources */,
			);
			runOnlyForDeploymentPostprocessing = 0;
		};
		EEA7141B284800C10007B756 /* Resources */ = {
			isa = PBXResourcesBuildPhase;
			buildActionMask = 2147483647;
			files = (
			);
			runOnlyForDeploymentPostprocessing = 0;
		};
		EEA71425284800C10007B756 /* Resources */ = {
			isa = PBXResourcesBuildPhase;
			buildActionMask = 2147483647;
			files = (
			);
			runOnlyForDeploymentPostprocessing = 0;
		};
/* End PBXResourcesBuildPhase section */

/* Begin PBXSourcesBuildPhase section */
		EEA71409284800C00007B756 /* Sources */ = {
			isa = PBXSourcesBuildPhase;
			buildActionMask = 2147483647;
			files = (
				EEA71413284800C00007B756 /* ContentView.swift in Sources */,
				EEA71411284800C00007B756 /* MyGoalsSpinaBifidaApp.swift in Sources */,
			);
			runOnlyForDeploymentPostprocessing = 0;
		};
		EEA71419284800C10007B756 /* Sources */ = {
			isa = PBXSourcesBuildPhase;
			buildActionMask = 2147483647;
			files = (
				EEA71422284800C10007B756 /* MyGoalsSpinaBifidaTests.swift in Sources */,
			);
			runOnlyForDeploymentPostprocessing = 0;
		};
		EEA71423284800C10007B756 /* Sources */ = {
			isa = PBXSourcesBuildPhase;
			buildActionMask = 2147483647;
			files = (
				EEA7142E284800C10007B756 /* MyGoalsSpinaBifidaUITestsLaunchTests.swift in Sources */,
				EEA7142C284800C10007B756 /* MyGoalsSpinaBifidaUITests.swift in Sources */,
			);
			runOnlyForDeploymentPostprocessing = 0;
		};
/* End PBXSourcesBuildPhase section */

/* Begin PBXTargetDependency section */
		EEA7141F284800C10007B756 /* PBXTargetDependency */ = {
			isa = PBXTargetDependency;
			target = EEA7140C284800C00007B756 /* MyGoalsSpinaBifida */;
			targetProxy = EEA7141E284800C10007B756 /* PBXContainerItemProxy */;
		};
		EEA71429284800C10007B756 /* PBXTargetDependency */ = {
			isa = PBXTargetDependency;
			target = EEA7140C284800C00007B756 /* MyGoalsSpinaBifida */;
			targetProxy = EEA71428284800C10007B756 /* PBXContainerItemProxy */;
		};
/* End PBXTargetDependency section */

/* Begin XCBuildConfiguration section */
		EEA7142F284800C10007B756 /* Debug */ = {
			isa = XCBuildConfiguration;
			buildSettings = {
				ALWAYS_SEARCH_USER_PATHS = NO;
				CLANG_ANALYZER_NONNULL = YES;
				CLANG_ANALYZER_NUMBER_OBJECT_CONVERSION = YES_AGGRESSIVE;
				CLANG_CXX_LANGUAGE_STANDARD = "gnu++17";
				CLANG_ENABLE_MODULES = YES;
				CLANG_ENABLE_OBJC_ARC = YES;
				CLANG_ENABLE_OBJC_WEAK = YES;
				CLANG_WARN_BLOCK_CAPTURE_AUTORELEASING = YES;
				CLANG_WARN_BOOL_CONVERSION = YES;
				CLANG_WARN_COMMA = YES;
				CLANG_WARN_CONSTANT_CONVERSION = YES;
				CLANG_WARN_DEPRECATED_OBJC_IMPLEMENTATIONS = YES;
				CLANG_WARN_DIRECT_OBJC_ISA_USAGE = YES_ERROR;
				CLANG_WARN_DOCUMENTATION_COMMENTS = YES;
				CLANG_WARN_EMPTY_BODY = YES;
				CLANG_WARN_ENUM_CONVERSION = YES;
				CLANG_WARN_INFINITE_RECURSION = YES;
				CLANG_WARN_INT_CONVERSION = YES;
				CLANG_WARN_NON_LITERAL_NULL_CONVERSION = YES;
				CLANG_WARN_OBJC_IMPLICIT_RETAIN_SELF = YES;
				CLANG_WARN_OBJC_LITERAL_CONVERSION = YES;
				CLANG_WARN_OBJC_ROOT_CLASS = YES_ERROR;
				CLANG_WARN_QUOTED_INCLUDE_IN_FRAMEWORK_HEADER = YES;
				CLANG_WARN_RANGE_LOOP_ANALYSIS = YES;
				CLANG_WARN_STRICT_PROTOTYPES = YES;
				CLANG_WARN_SUSPICIOUS_MOVE = YES;
				CLANG_WARN_UNGUARDED_AVAILABILITY = YES_AGGRESSIVE;
				CLANG_WARN_UNREACHABLE_CODE = YES;
				CLANG_WARN__DUPLICATE_METHOD_MATCH = YES;
				COPY_PHASE_STRIP = NO;
				DEBUG_INFORMATION_FORMAT = dwarf;
				ENABLE_STRICT_OBJC_MSGSEND = YES;
				ENABLE_TESTABILITY = YES;
				GCC_C_LANGUAGE_STANDARD = gnu11;
				GCC_DYNAMIC_NO_PIC = NO;
				GCC_NO_COMMON_BLOCKS = YES;
				GCC_OPTIMIZATION_LEVEL = 0;
				GCC_PREPROCESSOR_DEFINITIONS = (
					"DEBUG=1",
					"$(inherited)",
				);
				GCC_WARN_64_TO_32_BIT_CONVERSION = YES;
				GCC_WARN_ABOUT_RETURN_TYPE = YES_ERROR;
				GCC_WARN_UNDECLARED_SELECTOR = YES;
				GCC_WARN_UNINITIALIZED_AUTOS = YES_AGGRESSIVE;
				GCC_WARN_UNUSED_FUNCTION = YES;
				GCC_WARN_UNUSED_VARIABLE = YES;
				IPHONEOS_DEPLOYMENT_TARGET = 15.5;
				MTL_ENABLE_DEBUG_INFO = INCLUDE_SOURCE;
				MTL_FAST_MATH = YES;
				ONLY_ACTIVE_ARCH = YES;
				SDKROOT = iphoneos;
				SWIFT_ACTIVE_COMPILATION_CONDITIONS = DEBUG;
				SWIFT_OPTIMIZATION_LEVEL = "-Onone";
			};
			name = Debug;
		};
		EEA71430284800C10007B756 /* Release */ = {
			isa = XCBuildConfiguration;
			buildSettings = {
				ALWAYS_SEARCH_USER_PATHS = NO;
				CLANG_ANALYZER_NONNULL = YES;
				CLANG_ANALYZER_NUMBER_OBJECT_CONVERSION = YES_AGGRESSIVE;
				CLANG_CXX_LANGUAGE_STANDARD = "gnu++17";
				CLANG_ENABLE_MODULES = YES;
				CLANG_ENABLE_OBJC_ARC = YES;
				CLANG_ENABLE_OBJC_WEAK = YES;
				CLANG_WARN_BLOCK_CAPTURE_AUTORELEASING = YES;
				CLANG_WARN_BOOL_CONVERSION = YES;
				CLANG_WARN_COMMA = YES;
				CLANG_WARN_CONSTANT_CONVERSION = YES;
				CLANG_WARN_DEPRECATED_OBJC_IMPLEMENTATIONS = YES;
				CLANG_WARN_DIRECT_OBJC_ISA_USAGE = YES_ERROR;
				CLANG_WARN_DOCUMENTATION_COMMENTS = YES;
				CLANG_WARN_EMPTY_BODY = YES;
				CLANG_WARN_ENUM_CONVERSION = YES;
				CLANG_WARN_INFINITE_RECURSION = YES;
				CLANG_WARN_INT_CONVERSION = YES;
				CLANG_WARN_NON_LITERAL_NULL_CONVERSION = YES;
				CLANG_WARN_OBJC_IMPLICIT_RETAIN_SELF = YES;
				CLANG_WARN_OBJC_LITERAL_CONVERSION = YES;
				CLANG_WARN_OBJC_ROOT_CLASS = YES_ERROR;
				CLANG_WARN_QUOTED_INCLUDE_IN_FRAMEWORK_HEADER = YES;
				CLANG_WARN_RANGE_LOOP_ANALYSIS = YES;
				CLANG_WARN_STRICT_PROTOTYPES = YES;
				CLANG_WARN_SUSPICIOUS_MOVE = YES;
				CLANG_WARN_UNGUARDED_AVAILABILITY = YES_AGGRESSIVE;
				CLANG_WARN_UNREACHABLE_CODE = YES;
				CLANG_WARN__DUPLICATE_METHOD_MATCH = YES;
				COPY_PHASE_STRIP = NO;
				DEBUG_INFORMATION_FORMAT = "dwarf-with-dsym";
				ENABLE_NS_ASSERTIONS = NO;
				ENABLE_STRICT_OBJC_MSGSEND = YES;
				GCC_C_LANGUAGE_STANDARD = gnu11;
				GCC_NO_COMMON_BLOCKS = YES;
				GCC_WARN_64_TO_32_BIT_CONVERSION = YES;
				GCC_WARN_ABOUT_RETURN_TYPE = YES_ERROR;
				GCC_WARN_UNDECLARED_SELECTOR = YES;
				GCC_WARN_UNINITIALIZED_AUTOS = YES_AGGRESSIVE;
				GCC_WARN_UNUSED_FUNCTION = YES;
				GCC_WARN_UNUSED_VARIABLE = YES;
				IPHONEOS_DEPLOYMENT_TARGET = 15.5;
				MTL_ENABLE_DEBUG_INFO = NO;
				MTL_FAST_MATH = YES;
				SDKROOT = iphoneos;
				SWIFT_COMPILATION_MODE = wholemodule;
				SWIFT_OPTIMIZATION_LEVEL = "-O";
				VALIDATE_PRODUCT = YES;
			};
			name = Release;
		};
		EEA71432284800C10007B756 /* Debug */ = {
			isa = XCBuildConfiguration;
			buildSettings = {
				ASSETCATALOG_COMPILER_APPICON_NAME = AppIcon;
				ASSETCATALOG_COMPILER_GLOBAL_ACCENT_COLOR_NAME = AccentColor;
				CODE_SIGN_STYLE = Automatic;
				CURRENT_PROJECT_VERSION = 1;
				DEVELOPMENT_ASSET_PATHS = "\"MyGoalsSpinaBifida/Preview Content\"";
				ENABLE_PREVIEWS = YES;
				GENERATE_INFOPLIST_FILE = YES;
				INFOPLIST_KEY_UIApplicationSceneManifest_Generation = YES;
				INFOPLIST_KEY_UIApplicationSupportsIndirectInputEvents = YES;
				INFOPLIST_KEY_UILaunchScreen_Generation = YES;
				INFOPLIST_KEY_UISupportedInterfaceOrientations_iPad = "UIInterfaceOrientationPortrait UIInterfaceOrientationPortraitUpsideDown UIInterfaceOrientationLandscapeLeft UIInterfaceOrientationLandscapeRight";
				INFOPLIST_KEY_UISupportedInterfaceOrientations_iPhone = "UIInterfaceOrientationPortrait UIInterfaceOrientationLandscapeLeft UIInterfaceOrientationLandscapeRight";
				LD_RUNPATH_SEARCH_PATHS = (
					"$(inherited)",
					"@executable_path/Frameworks",
				);
				MARKETING_VERSION = 1.0;
				PRODUCT_BUNDLE_IDENTIFIER = "Indiana-University.MyGoalsSpinaBifida";
				PRODUCT_NAME = "$(TARGET_NAME)";
				SWIFT_EMIT_LOC_STRINGS = YES;
				SWIFT_VERSION = 5.0;
				TARGETED_DEVICE_FAMILY = "1,2";
			};
			name = Debug;
		};
		EEA71433284800C10007B756 /* Release */ = {
			isa = XCBuildConfiguration;
			buildSettings = {
				ASSETCATALOG_COMPILER_APPICON_NAME = AppIcon;
				ASSETCATALOG_COMPILER_GLOBAL_ACCENT_COLOR_NAME = AccentColor;
				CODE_SIGN_STYLE = Automatic;
				CURRENT_PROJECT_VERSION = 1;
				DEVELOPMENT_ASSET_PATHS = "\"MyGoalsSpinaBifida/Preview Content\"";
				ENABLE_PREVIEWS = YES;
				GENERATE_INFOPLIST_FILE = YES;
				INFOPLIST_KEY_UIApplicationSceneManifest_Generation = YES;
				INFOPLIST_KEY_UIApplicationSupportsIndirectInputEvents = YES;
				INFOPLIST_KEY_UILaunchScreen_Generation = YES;
				INFOPLIST_KEY_UISupportedInterfaceOrientations_iPad = "UIInterfaceOrientationPortrait UIInterfaceOrientationPortraitUpsideDown UIInterfaceOrientationLandscapeLeft UIInterfaceOrientationLandscapeRight";
				INFOPLIST_KEY_UISupportedInterfaceOrientations_iPhone = "UIInterfaceOrientationPortrait UIInterfaceOrientationLandscapeLeft UIInterfaceOrientationLandscapeRight";
				LD_RUNPATH_SEARCH_PATHS = (
					"$(inherited)",
					"@executable_path/Frameworks",
				);
				MARKETING_VERSION = 1.0;
				PRODUCT_BUNDLE_IDENTIFIER = "Indiana-University.MyGoalsSpinaBifida";
				PRODUCT_NAME = "$(TARGET_NAME)";
				SWIFT_EMIT_LOC_STRINGS = YES;
				SWIFT_VERSION = 5.0;
				TARGETED_DEVICE_FAMILY = "1,2";
			};
			name = Release;
		};
		EEA71435284800C10007B756 /* Debug */ = {
			isa = XCBuildConfiguration;
			buildSettings = {
				ALWAYS_EMBED_SWIFT_STANDARD_LIBRARIES = YES;
				BUNDLE_LOADER = "$(TEST_HOST)";
				CODE_SIGN_STYLE = Automatic;
				CURRENT_PROJECT_VERSION = 1;
				GENERATE_INFOPLIST_FILE = YES;
				IPHONEOS_DEPLOYMENT_TARGET = 15.5;
				MARKETING_VERSION = 1.0;
				PRODUCT_BUNDLE_IDENTIFIER = "Indiana-University.MyGoalsSpinaBifidaTests";
				PRODUCT_NAME = "$(TARGET_NAME)";
				SWIFT_EMIT_LOC_STRINGS = NO;
				SWIFT_VERSION = 5.0;
				TARGETED_DEVICE_FAMILY = "1,2";
				TEST_HOST = "$(BUILT_PRODUCTS_DIR)/MyGoalsSpinaBifida.app/MyGoalsSpinaBifida";
			};
			name = Debug;
		};
		EEA71436284800C10007B756 /* Release */ = {
			isa = XCBuildConfiguration;
			buildSettings = {
				ALWAYS_EMBED_SWIFT_STANDARD_LIBRARIES = YES;
				BUNDLE_LOADER = "$(TEST_HOST)";
				CODE_SIGN_STYLE = Automatic;
				CURRENT_PROJECT_VERSION = 1;
				GENERATE_INFOPLIST_FILE = YES;
				IPHONEOS_DEPLOYMENT_TARGET = 15.5;
				MARKETING_VERSION = 1.0;
				PRODUCT_BUNDLE_IDENTIFIER = "Indiana-University.MyGoalsSpinaBifidaTests";
				PRODUCT_NAME = "$(TARGET_NAME)";
				SWIFT_EMIT_LOC_STRINGS = NO;
				SWIFT_VERSION = 5.0;
				TARGETED_DEVICE_FAMILY = "1,2";
				TEST_HOST = "$(BUILT_PRODUCTS_DIR)/MyGoalsSpinaBifida.app/MyGoalsSpinaBifida";
			};
			name = Release;
		};
		EEA71438284800C10007B756 /* Debug */ = {
			isa = XCBuildConfiguration;
			buildSettings = {
				ALWAYS_EMBED_SWIFT_STANDARD_LIBRARIES = YES;
				CODE_SIGN_STYLE = Automatic;
				CURRENT_PROJECT_VERSION = 1;
				GENERATE_INFOPLIST_FILE = YES;
				MARKETING_VERSION = 1.0;
				PRODUCT_BUNDLE_IDENTIFIER = "Indiana-University.MyGoalsSpinaBifidaUITests";
				PRODUCT_NAME = "$(TARGET_NAME)";
				SWIFT_EMIT_LOC_STRINGS = NO;
				SWIFT_VERSION = 5.0;
				TARGETED_DEVICE_FAMILY = "1,2";
				TEST_TARGET_NAME = MyGoalsSpinaBifida;
			};
			name = Debug;
		};
		EEA71439284800C10007B756 /* Release */ = {
			isa = XCBuildConfiguration;
			buildSettings = {
				ALWAYS_EMBED_SWIFT_STANDARD_LIBRARIES = YES;
				CODE_SIGN_STYLE = Automatic;
				CURRENT_PROJECT_VERSION = 1;
				GENERATE_INFOPLIST_FILE = YES;
				MARKETING_VERSION = 1.0;
				PRODUCT_BUNDLE_IDENTIFIER = "Indiana-University.MyGoalsSpinaBifidaUITests";
				PRODUCT_NAME = "$(TARGET_NAME)";
				SWIFT_EMIT_LOC_STRINGS = NO;
				SWIFT_VERSION = 5.0;
				TARGETED_DEVICE_FAMILY = "1,2";
				TEST_TARGET_NAME = MyGoalsSpinaBifida;
			};
			name = Release;
		};
/* End XCBuildConfiguration section */

/* Begin XCConfigurationList section */
		EEA71408284800C00007B756 /* Build configuration list for PBXProject "MyGoalsSpinaBifida" */ = {
			isa = XCConfigurationList;
			buildConfigurations = (
				EEA7142F284800C10007B756 /* Debug */,
				EEA71430284800C10007B756 /* Release */,
			);
			defaultConfigurationIsVisible = 0;
			defaultConfigurationName = Release;
		};
		EEA71431284800C10007B756 /* Build configuration list for PBXNativeTarget "MyGoalsSpinaBifida" */ = {
			isa = XCConfigurationList;
			buildConfigurations = (
				EEA71432284800C10007B756 /* Debug */,
				EEA71433284800C10007B756 /* Release */,
			);
			defaultConfigurationIsVisible = 0;
			defaultConfigurationName = Release;
		};
		EEA71434284800C10007B756 /* Build configuration list for PBXNativeTarget "MyGoalsSpinaBifidaTests" */ = {
			isa = XCConfigurationList;
			buildConfigurations = (
				EEA71435284800C10007B756 /* Debug */,
				EEA71436284800C10007B756 /* Release */,
			);
			defaultConfigurationIsVisible = 0;
			defaultConfigurationName = Release;
		};
		EEA71437284800C10007B756 /* Build configuration list for PBXNativeTarget "MyGoalsSpinaBifidaUITests" */ = {
			isa = XCConfigurationList;
			buildConfigurations = (
				EEA71438284800C10007B756 /* Debug */,
				EEA71439284800C10007B756 /* Release */,
			);
			defaultConfigurationIsVisible = 0;
			defaultConfigurationName = Release;
		};
/* End XCConfigurationList section */
	};
	rootObject = EEA71405284800C00007B756 /* Project object */;
}
